
Microsoft Visual Studio Solution File, Format Version 12.00
# Visual Studio 14
VisualStudioVersion = 14.0.25420.1
MinimumVisualStudioVersion = 10.0.40219.1
Project("{FAE04EC0-301F-11D3-BF4B-00C04F79EFBC}") = "SpeedyMVVM", "SpeedyMVVM.PCL\SpeedyMVVM.csproj", "{FF135A87-16D8-4E3F-9BFD-B174888335F4}"
EndProject
Project("{FAE04EC0-301F-11D3-BF4B-00C04F79EFBC}") = "SpeedyMVVM.Test", "SpeedyMVVM.Test\SpeedyMVVM.Test.csproj", "{0BB4841D-7E39-4912-B1BD-6DD84300200A}"
EndProject
Project("{2150E333-8FDC-42A3-9474-1A3956D46DE8}") = "Tests", "Tests", "{02301D77-FE5B-4CCD-97CC-FBBF54CD3DFB}"
EndProject
Project("{FAE04EC0-301F-11D3-BF4B-00C04F79EFBC}") = "SpeedyMVVM.TestModel", "SpeedyMVVM.TestModel\SpeedyMVVM.TestModel.csproj", "{4F36679B-FC65-4DF1-AF3C-11051759A2CC}"
EndProject
Project("{2150E333-8FDC-42A3-9474-1A3956D46DE8}") = "SpeedyMVVM.Controls", "SpeedyMVVM.Controls", "{15A1B4B1-A934-48A0-99AA-453A4395B540}"
EndProject
Project("{FAE04EC0-301F-11D3-BF4B-00C04F79EFBC}") = "SpeedyMVVM.WPF", "SpeedyMVVM.Controls.WPF\SpeedyMVVM.WPF.csproj", "{90A5A486-A282-4A02-A18F-0909E3C67569}"
EndProject
Global
	GlobalSection(SolutionConfigurationPlatforms) = preSolution
		Debug|Any CPU = Debug|Any CPU
		Release|Any CPU = Release|Any CPU
	EndGlobalSection
	GlobalSection(ProjectConfigurationPlatforms) = postSolution
		{FF135A87-16D8-4E3F-9BFD-B174888335F4}.Debug|Any CPU.ActiveCfg = Debug|Any CPU
		{FF135A87-16D8-4E3F-9BFD-B174888335F4}.Debug|Any CPU.Build.0 = Debug|Any CPU
		{FF135A87-16D8-4E3F-9BFD-B174888335F4}.Release|Any CPU.ActiveCfg = Release|Any CPU
		{FF135A87-16D8-4E3F-9BFD-B174888335F4}.Release|Any CPU.Build.0 = Release|Any CPU
		{0BB4841D-7E39-4912-B1BD-6DD84300200A}.Debug|Any CPU.ActiveCfg = Debug|Any CPU
		{0BB4841D-7E39-4912-B1BD-6DD84300200A}.Debug|Any CPU.Build.0 = Debug|Any CPU
		{0BB4841D-7E39-4912-B1BD-6DD84300200A}.Release|Any CPU.ActiveCfg = Release|Any CPU
		{0BB4841D-7E39-4912-B1BD-6DD84300200A}.Release|Any CPU.Build.0 = Release|Any CPU
		{4F36679B-FC65-4DF1-AF3C-11051759A2CC}.Debug|Any CPU.ActiveCfg = Debug|Any CPU
		{4F36679B-FC65-4DF1-AF3C-11051759A2CC}.Debug|Any CPU.Build.0 = Debug|Any CPU
		{4F36679B-FC65-4DF1-AF3C-11051759A2CC}.Release|Any CPU.ActiveCfg = Release|Any CPU
		{4F36679B-FC65-4DF1-AF3C-11051759A2CC}.Release|Any CPU.Build.0 = Release|Any CPU
		{90A5A486-A282-4A02-A18F-0909E3C67569}.Debug|Any CPU.ActiveCfg = Debug|Any CPU
		{90A5A486-A282-4A02-A18F-0909E3C67569}.Debug|Any CPU.Build.0 = Debug|Any CPU
		{90A5A486-A282-4A02-A18F-0909E3C67569}.Release|Any CPU.ActiveCfg = Release|Any CPU
		{90A5A486-A282-4A02-A18F-0909E3C67569}.Release|Any CPU.Build.0 = Release|Any CPU
	EndGlobalSection
	GlobalSection(SolutionProperties) = preSolution
		HideSolutionNode = FALSE
	EndGlobalSection
	GlobalSection(NestedProjects) = preSolution
		{0BB4841D-7E39-4912-B1BD-6DD84300200A} = {02301D77-FE5B-4CCD-97CC-FBBF54CD3DFB}
		{4F36679B-FC65-4DF1-AF3C-11051759A2CC} = {02301D77-FE5B-4CCD-97CC-FBBF54CD3DFB}
		{90A5A486-A282-4A02-A18F-0909E3C67569} = {15A1B4B1-A934-48A0-99AA-453A4395B540}
	EndGlobalSection
EndGlobal
